
Microsoft Visual Studio Solution File, Format Version 12.00
# Visual Studio Version 17
VisualStudioVersion = 17.10.34928.147
MinimumVisualStudioVersion = 10.0.40219.1
Project("{FAE04EC0-301F-11D3-BF4B-00C04F79EFBC}") = "PSDProject", "PSDProject.csproj", "{C0DF42BF-D6D8-4540-8E98-C086EF5F09F4}"
EndProject
Global
	GlobalSection(SolutionConfigurationPlatforms) = preSolution
		Debug|Any CPU = Debug|Any CPU
		Release|Any CPU = Release|Any CPU
	EndGlobalSection
	GlobalSection(ProjectConfigurationPlatforms) = postSolution
		{C0DF42BF-D6D8-4540-8E98-C086EF5F09F4}.Debug|Any CPU.ActiveCfg = Debug|Any CPU
		{C0DF42BF-D6D8-4540-8E98-C086EF5F09F4}.Debug|Any CPU.Build.0 = Debug|Any CPU
		{C0DF42BF-D6D8-4540-8E98-C086EF5F09F4}.Release|Any CPU.ActiveCfg = Release|Any CPU
		{C0DF42BF-D6D8-4540-8E98-C086EF5F09F4}.Release|Any CPU.Build.0 = Release|Any CPU
	EndGlobalSection
	GlobalSection(SolutionProperties) = preSolution
		HideSolutionNode = FALSE
	EndGlobalSection
	GlobalSection(ExtensibilityGlobals) = postSolution
		SolutionGuid = {E282E4B1-53BC-40DD-BBEA-2272BB8F4440}
	EndGlobalSection
EndGlobal
